{
  "name": "postman-pipeline",
  "version": "1.0.0",
  "lockfileVersion": 3,
  "requires": true,
  "packages": {
    "": {
      "name": "postman-pipeline",
      "version": "1.0.0",
      "license": "ISC",
      "dependencies": {
        "reporter": "^0.1.0"
      }
    },
    "node_modules/reporter": {
      "version": "0.1.0",
      "resolved": "https://registry.npmjs.org/reporter/-/reporter-0.1.0.tgz",
      "integrity": "sha512-pkbc7H/kfEym5agb+C7EZvb4yEFWe+dqktCLmKzCzRO6DzH2FDmSyM0nZnxY/sXlEcRB2cid765ivzfgezABSw==",
      "dependencies": {
        "underscore": "^1"
      }
    },
    "node_modules/underscore": {
      "version": "1.13.6",
      "resolved": "https://registry.npmjs.org/underscore/-/underscore-1.13.6.tgz",
      "integrity": "sha512-+A5Sja4HP1M08MaXya7p5LvjuM7K6q/2EaC0+iovj/wOcMsTzMvDFbasi/oSapiwOlt252IqsKqPjCl7huKS0A=="
    }
  }
}
